
Microsoft Visual Studio Solution File, Format Version 12.00
# Visual Studio Version 17
VisualStudioVersion = 17.12.35521.163
MinimumVisualStudioVersion = 10.0.40219.1
Project("{FAE04EC0-301F-11D3-BF4B-00C04F79EFBC}") = "FlightApp", "FlightApp\FlightApp.csproj", "{DC9D0365-D665-4584-A908-9E2A6B42C5F8}"
EndProject
Project("{FAE04EC0-301F-11D3-BF4B-00C04F79EFBC}") = "FlightAppFrontend", "FlightAppFrontend\FlightAppFrontend\FlightAppFrontend.csproj", "{3231DD64-24EA-464F-9CD6-823F3479D81D}"
EndProject
Project("{FAE04EC0-301F-11D3-BF4B-00C04F79EFBC}") = "FlightAppFrontend.Shared", "FlightAppFrontend\FlightAppFrontend.Shared\FlightAppFrontend.Shared.csproj", "{FEC8372B-068B-4E8E-8634-98F73F4EAE05}"
EndProject
Project("{FAE04EC0-301F-11D3-BF4B-00C04F79EFBC}") = "FlightAppFrontend.Web", "FlightAppFrontend\FlightAppFrontend.Web\FlightAppFrontend.Web.csproj", "{51362EA0-AEFA-4B09-AFC7-F6896B23044F}"
EndProject
Project("{FAE04EC0-301F-11D3-BF4B-00C04F79EFBC}") = "FlightAppTests", "FlightAppTests\FlightAppTests.csproj", "{BAC1AAD2-3D79-4104-A0E4-07735D036CEE}"
EndProject
Global
	GlobalSection(SolutionConfigurationPlatforms) = preSolution
		Debug|Any CPU = Debug|Any CPU
		Release|Any CPU = Release|Any CPU
	EndGlobalSection
	GlobalSection(ProjectConfigurationPlatforms) = postSolution
		{DC9D0365-D665-4584-A908-9E2A6B42C5F8}.Debug|Any CPU.ActiveCfg = Debug|Any CPU
		{DC9D0365-D665-4584-A908-9E2A6B42C5F8}.Debug|Any CPU.Build.0 = Debug|Any CPU
		{DC9D0365-D665-4584-A908-9E2A6B42C5F8}.Release|Any CPU.ActiveCfg = Release|Any CPU
		{DC9D0365-D665-4584-A908-9E2A6B42C5F8}.Release|Any CPU.Build.0 = Release|Any CPU
		{3231DD64-24EA-464F-9CD6-823F3479D81D}.Debug|Any CPU.ActiveCfg = Debug|Any CPU
		{3231DD64-24EA-464F-9CD6-823F3479D81D}.Debug|Any CPU.Build.0 = Debug|Any CPU
		{3231DD64-24EA-464F-9CD6-823F3479D81D}.Debug|Any CPU.Deploy.0 = Debug|Any CPU
		{3231DD64-24EA-464F-9CD6-823F3479D81D}.Release|Any CPU.ActiveCfg = Release|Any CPU
		{3231DD64-24EA-464F-9CD6-823F3479D81D}.Release|Any CPU.Build.0 = Release|Any CPU
		{FEC8372B-068B-4E8E-8634-98F73F4EAE05}.Debug|Any CPU.ActiveCfg = Debug|Any CPU
		{FEC8372B-068B-4E8E-8634-98F73F4EAE05}.Debug|Any CPU.Build.0 = Debug|Any CPU
		{FEC8372B-068B-4E8E-8634-98F73F4EAE05}.Release|Any CPU.ActiveCfg = Release|Any CPU
		{FEC8372B-068B-4E8E-8634-98F73F4EAE05}.Release|Any CPU.Build.0 = Release|Any CPU
		{51362EA0-AEFA-4B09-AFC7-F6896B23044F}.Debug|Any CPU.ActiveCfg = Debug|Any CPU
		{51362EA0-AEFA-4B09-AFC7-F6896B23044F}.Debug|Any CPU.Build.0 = Debug|Any CPU
		{51362EA0-AEFA-4B09-AFC7-F6896B23044F}.Release|Any CPU.ActiveCfg = Release|Any CPU
		{51362EA0-AEFA-4B09-AFC7-F6896B23044F}.Release|Any CPU.Build.0 = Release|Any CPU
		{BAC1AAD2-3D79-4104-A0E4-07735D036CEE}.Debug|Any CPU.ActiveCfg = Debug|Any CPU
		{BAC1AAD2-3D79-4104-A0E4-07735D036CEE}.Debug|Any CPU.Build.0 = Debug|Any CPU
		{BAC1AAD2-3D79-4104-A0E4-07735D036CEE}.Release|Any CPU.ActiveCfg = Release|Any CPU
		{BAC1AAD2-3D79-4104-A0E4-07735D036CEE}.Release|Any CPU.Build.0 = Release|Any CPU
	EndGlobalSection
	GlobalSection(SolutionProperties) = preSolution
		HideSolutionNode = FALSE
	EndGlobalSection
EndGlobal
